
Microsoft Visual Studio Solution File, Format Version 12.00
# Visual Studio Version 16
VisualStudioVersion = 16.0.30406.217
MinimumVisualStudioVersion = 10.0.40219.1
Project("{9A19103F-16F7-4668-BE54-9A1E7A4F7556}") = "KiravRu", "KiravRu\KiravRu.csproj", "{91A5DC8E-278F-46F8-B44D-32E7A4D97185}"
	ProjectSection(ProjectDependencies) = postProject
		{A6160DEC-29B7-4514-B66D-1FE3ED6E2A0F} = {A6160DEC-29B7-4514-B66D-1FE3ED6E2A0F}
	EndProjectSection
EndProject
Project("{E53339B2-1760-4266-BCC7-CA923CBCF16C}") = "docker-compose", "docker-compose.dcproj", "{2D3EE1C2-D189-45E3-B752-623EBC4B7E44}"
EndProject
Project("{9A19103F-16F7-4668-BE54-9A1E7A4F7556}") = "KiravRu.Logic", "KiravRu.Logic\KiravRu.Logic.csproj", "{A6160DEC-29B7-4514-B66D-1FE3ED6E2A0F}"
EndProject
Project("{FAE04EC0-301F-11D3-BF4B-00C04F79EFBC}") = "KiravRu.Logic.Tests", "KiravRu.Logic.Tests\KiravRu.Logic.Tests.csproj", "{D6EE1FDB-C5FF-484B-BABE-22B0A751D585}"
	ProjectSection(ProjectDependencies) = postProject
		{A6160DEC-29B7-4514-B66D-1FE3ED6E2A0F} = {A6160DEC-29B7-4514-B66D-1FE3ED6E2A0F}
	EndProjectSection
EndProject
Project("{9A19103F-16F7-4668-BE54-9A1E7A4F7556}") = "KiravRu.DAL", "KiravRu.DAL\KiravRu.DAL.csproj", "{92E98EFA-2855-4A1F-98DB-BDB4E92DE08E}"
	ProjectSection(ProjectDependencies) = postProject
		{A6160DEC-29B7-4514-B66D-1FE3ED6E2A0F} = {A6160DEC-29B7-4514-B66D-1FE3ED6E2A0F}
	EndProjectSection
EndProject
Global
	GlobalSection(SolutionConfigurationPlatforms) = preSolution
		Debug|Any CPU = Debug|Any CPU
		Release|Any CPU = Release|Any CPU
	EndGlobalSection
	GlobalSection(ProjectConfigurationPlatforms) = postSolution
		{91A5DC8E-278F-46F8-B44D-32E7A4D97185}.Debug|Any CPU.ActiveCfg = Debug|Any CPU
		{91A5DC8E-278F-46F8-B44D-32E7A4D97185}.Debug|Any CPU.Build.0 = Debug|Any CPU
		{91A5DC8E-278F-46F8-B44D-32E7A4D97185}.Release|Any CPU.ActiveCfg = Release|Any CPU
		{91A5DC8E-278F-46F8-B44D-32E7A4D97185}.Release|Any CPU.Build.0 = Release|Any CPU
		{2D3EE1C2-D189-45E3-B752-623EBC4B7E44}.Debug|Any CPU.ActiveCfg = Debug|Any CPU
		{2D3EE1C2-D189-45E3-B752-623EBC4B7E44}.Debug|Any CPU.Build.0 = Debug|Any CPU
		{2D3EE1C2-D189-45E3-B752-623EBC4B7E44}.Release|Any CPU.ActiveCfg = Release|Any CPU
		{2D3EE1C2-D189-45E3-B752-623EBC4B7E44}.Release|Any CPU.Build.0 = Release|Any CPU
		{A6160DEC-29B7-4514-B66D-1FE3ED6E2A0F}.Debug|Any CPU.ActiveCfg = Debug|Any CPU
		{A6160DEC-29B7-4514-B66D-1FE3ED6E2A0F}.Debug|Any CPU.Build.0 = Debug|Any CPU
		{A6160DEC-29B7-4514-B66D-1FE3ED6E2A0F}.Release|Any CPU.ActiveCfg = Release|Any CPU
		{A6160DEC-29B7-4514-B66D-1FE3ED6E2A0F}.Release|Any CPU.Build.0 = Release|Any CPU
		{D6EE1FDB-C5FF-484B-BABE-22B0A751D585}.Debug|Any CPU.ActiveCfg = Debug|Any CPU
		{D6EE1FDB-C5FF-484B-BABE-22B0A751D585}.Debug|Any CPU.Build.0 = Debug|Any CPU
		{D6EE1FDB-C5FF-484B-BABE-22B0A751D585}.Release|Any CPU.ActiveCfg = Release|Any CPU
		{D6EE1FDB-C5FF-484B-BABE-22B0A751D585}.Release|Any CPU.Build.0 = Release|Any CPU
		{92E98EFA-2855-4A1F-98DB-BDB4E92DE08E}.Debug|Any CPU.ActiveCfg = Debug|Any CPU
		{92E98EFA-2855-4A1F-98DB-BDB4E92DE08E}.Debug|Any CPU.Build.0 = Debug|Any CPU
		{92E98EFA-2855-4A1F-98DB-BDB4E92DE08E}.Release|Any CPU.ActiveCfg = Release|Any CPU
		{92E98EFA-2855-4A1F-98DB-BDB4E92DE08E}.Release|Any CPU.Build.0 = Release|Any CPU
	EndGlobalSection
	GlobalSection(SolutionProperties) = preSolution
		HideSolutionNode = FALSE
	EndGlobalSection
	GlobalSection(ExtensibilityGlobals) = postSolution
		SolutionGuid = {0EDB1014-ADB3-46C1-AF87-7EA9E8C58540}
	EndGlobalSection
EndGlobal
